<?xml version="1.0" encoding="UTF-8" standalone="yes" ?>
<CodeBlocks_project_file>
	<FileVersion major="1" minor="6" />
	<Project>
		<Option title="MyReactable2" />
		<Option makefile_is_custom="1" />
		<Option pch_mode="2" />
		<Option compiler="gcc" />
		<Option virtualFolders="addons/;src/;build config/;" />
		<Build>
			<Target title="Debug">
				<Option output="bin/MyReactable2_debug" prefix_auto="1" extension_auto="1" />
				<Option working_dir="bin" />
				<Option object_output="obj/Debug/" />
				<Option external_deps="../../../libs/openFrameworksCompiled/lib/linux64/libopenFrameworksDebug.a;" />
				<Option type="1" />
				<Option compiler="gcc" />
				<Option projectLinkerOptionsRelation="2" />
			</Target>
			<Target title="Release">
				<Option output="bin/MyReactable2" prefix_auto="1" extension_auto="1" />
				<Option working_dir="bin" />
				<Option object_output="obj/Release/" />
				<Option external_deps="../../../libs/openFrameworksCompiled/lib/linux64/libopenFrameworks.a;" />
				<Option type="1" />
				<Option compiler="gcc" />
				<Option projectLinkerOptionsRelation="2" />
			</Target>
		</Build>
		<Unit filename="config.make">
			<Option virtualFolder="build config" />
		</Unit>
		<Unit filename="src/LFO.cpp" />
		<Unit filename="src/LFO.h" />
		<Unit filename="src/Sample.cpp" />
		<Unit filename="src/Sample.h" />
		<Unit filename="src/TUIO/Doxyfile" />
		<Unit filename="src/TUIO/TuioClient.cpp" />
		<Unit filename="src/TUIO/TuioClient.h" />
		<Unit filename="src/TUIO/TuioContainer.h" />
		<Unit filename="src/TUIO/TuioCursor.h" />
		<Unit filename="src/TUIO/TuioListener.h" />
		<Unit filename="src/TUIO/TuioObject.h" />
		<Unit filename="src/TUIO/TuioPoint.h" />
		<Unit filename="src/TUIO/TuioServer.cpp" />
		<Unit filename="src/TUIO/TuioServer.h" />
		<Unit filename="src/TUIO/TuioTime.cpp" />
		<Unit filename="src/TUIO/TuioTime.h" />
		<Unit filename="src/TuioDump.cpp" />
		<Unit filename="src/TuioDump.h" />
		<Unit filename="src/TuioThread.cpp" />
		<Unit filename="src/TuioThread.h" />
		<Unit filename="src/ip/IpEndpointName.cpp" />
		<Unit filename="src/ip/IpEndpointName.h" />
		<Unit filename="src/ip/NetworkingUtils.h" />
		<Unit filename="src/ip/PacketListener.h" />
		<Unit filename="src/ip/TimerListener.h" />
		<Unit filename="src/ip/UdpSocket.h" />
		<Unit filename="src/ip/posix/NetworkingUtils.cpp" />
		<Unit filename="src/ip/posix/UdpSocket.cpp" />
		<Unit filename="src/main.cpp">
			<Option virtualFolder="src/" />
		</Unit>
		<Unit filename="src/osc/MessageMappingOscPacketListener.h" />
		<Unit filename="src/osc/OscException.h" />
		<Unit filename="src/osc/OscHostEndianness.h" />
		<Unit filename="src/osc/OscOutboundPacketStream.cpp" />
		<Unit filename="src/osc/OscOutboundPacketStream.h" />
		<Unit filename="src/osc/OscPacketListener.h" />
		<Unit filename="src/osc/OscPrintReceivedElements.cpp" />
		<Unit filename="src/osc/OscPrintReceivedElements.h" />
		<Unit filename="src/osc/OscReceivedElements.cpp" />
		<Unit filename="src/osc/OscReceivedElements.h" />
		<Unit filename="src/osc/OscTypes.cpp" />
		<Unit filename="src/osc/OscTypes.h" />
		<Unit filename="src/testApp.cpp">
			<Option virtualFolder="src/" />
		</Unit>
		<Unit filename="src/testApp.h">
			<Option virtualFolder="src/" />
		</Unit>
		<Unit filename="src/waveGenerator.cpp" />
		<Unit filename="src/waveGenerator.h" />
		<Unit filename="src/RingModulator.cpp" />
		<Unit filename="src/RingModulator.h" />
		<Extensions>
			<code_completion />
			<envvars />
			<debugger />
		</Extensions>
	</Project>
</CodeBlocks_project_file>
